
Microsoft Visual Studio Solution File, Format Version 11.00
# Visual C# Express 2010
Project("{FAE04EC0-301F-11D3-BF4B-00C04F79EFBC}") = "RAE", "RAE\RAE.csproj", "{4AB44AF4-5F23-42EB-977B-C913D215A46F}"
EndProject
Project("{FAE04EC0-301F-11D3-BF4B-00C04F79EFBC}") = "GenericTest", "GenericTest\GenericTest.csproj", "{5AED880F-95B0-4EFE-8EAC-C515BA491A8C}"
EndProject
Global
	GlobalSection(SolutionConfigurationPlatforms) = preSolution
		Debug|Any CPU = Debug|Any CPU
		Debug|Mixed Platforms = Debug|Mixed Platforms
		Debug|x86 = Debug|x86
		Release|Any CPU = Release|Any CPU
		Release|Mixed Platforms = Release|Mixed Platforms
		Release|x86 = Release|x86
	EndGlobalSection
	GlobalSection(ProjectConfigurationPlatforms) = postSolution
		{4AB44AF4-5F23-42EB-977B-C913D215A46F}.Debug|Any CPU.ActiveCfg = Debug|Any CPU
		{4AB44AF4-5F23-42EB-977B-C913D215A46F}.Debug|Any CPU.Build.0 = Debug|Any CPU
		{4AB44AF4-5F23-42EB-977B-C913D215A46F}.Debug|Mixed Platforms.ActiveCfg = Debug|Any CPU
		{4AB44AF4-5F23-42EB-977B-C913D215A46F}.Debug|Mixed Platforms.Build.0 = Debug|Any CPU
		{4AB44AF4-5F23-42EB-977B-C913D215A46F}.Debug|x86.ActiveCfg = Debug|Any CPU
		{4AB44AF4-5F23-42EB-977B-C913D215A46F}.Release|Any CPU.ActiveCfg = Release|Any CPU
		{4AB44AF4-5F23-42EB-977B-C913D215A46F}.Release|Any CPU.Build.0 = Release|Any CPU
		{4AB44AF4-5F23-42EB-977B-C913D215A46F}.Release|Mixed Platforms.ActiveCfg = Release|Any CPU
		{4AB44AF4-5F23-42EB-977B-C913D215A46F}.Release|Mixed Platforms.Build.0 = Release|Any CPU
		{4AB44AF4-5F23-42EB-977B-C913D215A46F}.Release|x86.ActiveCfg = Release|Any CPU
		{5AED880F-95B0-4EFE-8EAC-C515BA491A8C}.Debug|Any CPU.ActiveCfg = Debug|x86
		{5AED880F-95B0-4EFE-8EAC-C515BA491A8C}.Debug|Mixed Platforms.ActiveCfg = Debug|x86
		{5AED880F-95B0-4EFE-8EAC-C515BA491A8C}.Debug|Mixed Platforms.Build.0 = Debug|x86
		{5AED880F-95B0-4EFE-8EAC-C515BA491A8C}.Debug|x86.ActiveCfg = Debug|x86
		{5AED880F-95B0-4EFE-8EAC-C515BA491A8C}.Debug|x86.Build.0 = Debug|x86
		{5AED880F-95B0-4EFE-8EAC-C515BA491A8C}.Release|Any CPU.ActiveCfg = Release|x86
		{5AED880F-95B0-4EFE-8EAC-C515BA491A8C}.Release|Mixed Platforms.ActiveCfg = Release|x86
		{5AED880F-95B0-4EFE-8EAC-C515BA491A8C}.Release|Mixed Platforms.Build.0 = Release|x86
		{5AED880F-95B0-4EFE-8EAC-C515BA491A8C}.Release|x86.ActiveCfg = Release|x86
		{5AED880F-95B0-4EFE-8EAC-C515BA491A8C}.Release|x86.Build.0 = Release|x86
	EndGlobalSection
	GlobalSection(SolutionProperties) = preSolution
		HideSolutionNode = FALSE
	EndGlobalSection
EndGlobal
